// !$*UTF8*$!
{
	archiveVersion = 1;
	classes = {
	};
	objectVersion = 46;
	objects = {

/* Begin PBXBuildFile section */
		320255961E93F7160076100A /* AllTravelsView.xib in Resources */ = {isa = PBXBuildFile; fileRef = 320255951E93F7160076100A /* AllTravelsView.xib */; };
		320ECDAD1EA29272008B6167 /* AddTravelViewController.swift in Sources */ = {isa = PBXBuildFile; fileRef = 320ECDAC1EA29272008B6167 /* AddTravelViewController.swift */; };
		324317851E9E3CB9002BF455 /* TravelModel.xcdatamodeld in Sources */ = {isa = PBXBuildFile; fileRef = 324317821E9E3CB9002BF455 /* TravelModel.xcdatamodeld */; };
		325320A71E93B0BD00C35ED8 /* TravelsTableViewController.swift in Sources */ = {isa = PBXBuildFile; fileRef = 325320A61E93B0BD00C35ED8 /* TravelsTableViewController.swift */; };
		325320A91E93B36E00C35ED8 /* TravelsTableViewCell.swift in Sources */ = {isa = PBXBuildFile; fileRef = 325320A81E93B36E00C35ED8 /* TravelsTableViewCell.swift */; };
		3272DAD51E9AB4A5000DB11C /* ListViewController.swift in Sources */ = {isa = PBXBuildFile; fileRef = 3272DAD41E9AB4A5000DB11C /* ListViewController.swift */; };
		3272DAD71E9ABA84000DB11C /* ListTableViewCell.swift in Sources */ = {isa = PBXBuildFile; fileRef = 3272DAD61E9ABA84000DB11C /* ListTableViewCell.swift */; };
		32ADF3291E93960A00623D4D /* AppDelegate.swift in Sources */ = {isa = PBXBuildFile; fileRef = 32ADF3281E93960A00623D4D /* AppDelegate.swift */; };
		32ADF32D1E93960A00623D4D /* SecondViewController.swift in Sources */ = {isa = PBXBuildFile; fileRef = 32ADF32C1E93960A00623D4D /* SecondViewController.swift */; };
		32ADF3301E93960A00623D4D /* Main.storyboard in Resources */ = {isa = PBXBuildFile; fileRef = 32ADF32E1E93960A00623D4D /* Main.storyboard */; };
		32ADF3321E93960A00623D4D /* Assets.xcassets in Resources */ = {isa = PBXBuildFile; fileRef = 32ADF3311E93960A00623D4D /* Assets.xcassets */; };
		32ADF3351E93960A00623D4D /* LaunchScreen.storyboard in Resources */ = {isa = PBXBuildFile; fileRef = 32ADF3331E93960A00623D4D /* LaunchScreen.storyboard */; };
		32ADF3401E93960A00623D4D /* OnTheRoadAppTests.swift in Sources */ = {isa = PBXBuildFile; fileRef = 32ADF33F1E93960A00623D4D /* OnTheRoadAppTests.swift */; };
		32ADF34B1E93960A00623D4D /* OnTheRoadAppUITests.swift in Sources */ = {isa = PBXBuildFile; fileRef = 32ADF34A1E93960A00623D4D /* OnTheRoadAppUITests.swift */; };
		32F9CD3F1E9CFDAA008048B2 /* Social.framework in Frameworks */ = {isa = PBXBuildFile; fileRef = 32F9CD3E1E9CFDAA008048B2 /* Social.framework */; };
/* End PBXBuildFile section */

/* Begin PBXContainerItemProxy section */
		32ADF33C1E93960A00623D4D /* PBXContainerItemProxy */ = {
			isa = PBXContainerItemProxy;
			containerPortal = 32ADF31D1E93960A00623D4D /* Project object */;
			proxyType = 1;
			remoteGlobalIDString = 32ADF3241E93960A00623D4D;
			remoteInfo = OnTheRoadApp;
		};
		32ADF3471E93960A00623D4D /* PBXContainerItemProxy */ = {
			isa = PBXContainerItemProxy;
			containerPortal = 32ADF31D1E93960A00623D4D /* Project object */;
			proxyType = 1;
			remoteGlobalIDString = 32ADF3241E93960A00623D4D;
			remoteInfo = OnTheRoadApp;
		};
/* End PBXContainerItemProxy section */

/* Begin PBXFileReference section */
		320255951E93F7160076100A /* AllTravelsView.xib */ = {isa = PBXFileReference; fileEncoding = 4; lastKnownFileType = file.xib; path = AllTravelsView.xib; sourceTree = "<group>"; };
		320ECDAC1EA29272008B6167 /* AddTravelViewController.swift */ = {isa = PBXFileReference; fileEncoding = 4; lastKnownFileType = sourcecode.swift; path = AddTravelViewController.swift; sourceTree = "<group>"; };
		324317831E9E3CB9002BF455 /* TravelModel.xcdatamodel */ = {isa = PBXFileReference; lastKnownFileType = wrapper.xcdatamodel; path = TravelModel.xcdatamodel; sourceTree = "<group>"; };
		324317841E9E3CB9002BF455 /* TravelModel2.xcdatamodel */ = {isa = PBXFileReference; lastKnownFileType = wrapper.xcdatamodel; path = TravelModel2.xcdatamodel; sourceTree = "<group>"; };
		324317861E9E3CCD002BF455 /* TravelModel 2.xcdatamodel */ = {isa = PBXFileReference; lastKnownFileType = wrapper.xcdatamodel; path = "TravelModel 2.xcdatamodel"; sourceTree = "<group>"; };
		324317871E9E3F2F002BF455 /* TravelModel 3.xcdatamodel */ = {isa = PBXFileReference; lastKnownFileType = wrapper.xcdatamodel; path = "TravelModel 3.xcdatamodel"; sourceTree = "<group>"; };
		325320A61E93B0BD00C35ED8 /* TravelsTableViewController.swift */ = {isa = PBXFileReference; fileEncoding = 4; lastKnownFileType = sourcecode.swift; path = TravelsTableViewController.swift; sourceTree = "<group>"; };
		325320A81E93B36E00C35ED8 /* TravelsTableViewCell.swift */ = {isa = PBXFileReference; fileEncoding = 4; lastKnownFileType = sourcecode.swift; path = TravelsTableViewCell.swift; sourceTree = "<group>"; };
		3272DAD41E9AB4A5000DB11C /* ListViewController.swift */ = {isa = PBXFileReference; fileEncoding = 4; lastKnownFileType = sourcecode.swift; path = ListViewController.swift; sourceTree = "<group>"; };
		3272DAD61E9ABA84000DB11C /* ListTableViewCell.swift */ = {isa = PBXFileReference; fileEncoding = 4; lastKnownFileType = sourcecode.swift; path = ListTableViewCell.swift; sourceTree = "<group>"; };
		32ADF3251E93960A00623D4D /* OnTheRoadApp.app */ = {isa = PBXFileReference; explicitFileType = wrapper.application; includeInIndex = 0; path = OnTheRoadApp.app; sourceTree = BUILT_PRODUCTS_DIR; };
		32ADF3281E93960A00623D4D /* AppDelegate.swift */ = {isa = PBXFileReference; lastKnownFileType = sourcecode.swift; path = AppDelegate.swift; sourceTree = "<group>"; };
		32ADF32C1E93960A00623D4D /* SecondViewController.swift */ = {isa = PBXFileReference; lastKnownFileType = sourcecode.swift; path = SecondViewController.swift; sourceTree = "<group>"; };
		32ADF32F1E93960A00623D4D /* Base */ = {isa = PBXFileReference; lastKnownFileType = file.storyboard; name = Base; path = Base.lproj/Main.storyboard; sourceTree = "<group>"; };
		32ADF3311E93960A00623D4D /* Assets.xcassets */ = {isa = PBXFileReference; lastKnownFileType = folder.assetcatalog; path = Assets.xcassets; sourceTree = "<group>"; };
		32ADF3341E93960A00623D4D /* Base */ = {isa = PBXFileReference; lastKnownFileType = file.storyboard; name = Base; path = Base.lproj/LaunchScreen.storyboard; sourceTree = "<group>"; };
		32ADF3361E93960A00623D4D /* Info.plist */ = {isa = PBXFileReference; lastKnownFileType = text.plist.xml; path = Info.plist; sourceTree = "<group>"; };
		32ADF33B1E93960A00623D4D /* OnTheRoadAppTests.xctest */ = {isa = PBXFileReference; explicitFileType = wrapper.cfbundle; includeInIndex = 0; path = OnTheRoadAppTests.xctest; sourceTree = BUILT_PRODUCTS_DIR; };
		32ADF33F1E93960A00623D4D /* OnTheRoadAppTests.swift */ = {isa = PBXFileReference; lastKnownFileType = sourcecode.swift; path = OnTheRoadAppTests.swift; sourceTree = "<group>"; };
		32ADF3411E93960A00623D4D /* Info.plist */ = {isa = PBXFileReference; lastKnownFileType = text.plist.xml; path = Info.plist; sourceTree = "<group>"; };
		32ADF3461E93960A00623D4D /* OnTheRoadAppUITests.xctest */ = {isa = PBXFileReference; explicitFileType = wrapper.cfbundle; includeInIndex = 0; path = OnTheRoadAppUITests.xctest; sourceTree = BUILT_PRODUCTS_DIR; };
		32ADF34A1E93960A00623D4D /* OnTheRoadAppUITests.swift */ = {isa = PBXFileReference; lastKnownFileType = sourcecode.swift; path = OnTheRoadAppUITests.swift; sourceTree = "<group>"; };
		32ADF34C1E93960A00623D4D /* Info.plist */ = {isa = PBXFileReference; lastKnownFileType = text.plist.xml; path = Info.plist; sourceTree = "<group>"; };
		32F9CD3E1E9CFDAA008048B2 /* Social.framework */ = {isa = PBXFileReference; lastKnownFileType = wrapper.framework; name = Social.framework; path = System/Library/Frameworks/Social.framework; sourceTree = SDKROOT; };
/* End PBXFileReference section */

/* Begin PBXFrameworksBuildPhase section */
		32ADF3221E93960A00623D4D /* Frameworks */ = {
			isa = PBXFrameworksBuildPhase;
			buildActionMask = 2147483647;
			files = (
				32F9CD3F1E9CFDAA008048B2 /* Social.framework in Frameworks */,
			);
			runOnlyForDeploymentPostprocessing = 0;
		};
		32ADF3381E93960A00623D4D /* Frameworks */ = {
			isa = PBXFrameworksBuildPhase;
			buildActionMask = 2147483647;
			files = (
			);
			runOnlyForDeploymentPostprocessing = 0;
		};
		32ADF3431E93960A00623D4D /* Frameworks */ = {
			isa = PBXFrameworksBuildPhase;
			buildActionMask = 2147483647;
			files = (
			);
			runOnlyForDeploymentPostprocessing = 0;
		};
/* End PBXFrameworksBuildPhase section */

/* Begin PBXGroup section */
		32ADF31C1E93960A00623D4D = {
			isa = PBXGroup;
			children = (
				320255951E93F7160076100A /* AllTravelsView.xib */,
				32ADF3271E93960A00623D4D /* OnTheRoadApp */,
				32ADF33E1E93960A00623D4D /* OnTheRoadAppTests */,
				32ADF3491E93960A00623D4D /* OnTheRoadAppUITests */,
				32ADF3261E93960A00623D4D /* Products */,
				32F9CD3D1E9CFDAA008048B2 /* Frameworks */,
			);
			sourceTree = "<group>";
		};
		32ADF3261E93960A00623D4D /* Products */ = {
			isa = PBXGroup;
			children = (
				32ADF3251E93960A00623D4D /* OnTheRoadApp.app */,
				32ADF33B1E93960A00623D4D /* OnTheRoadAppTests.xctest */,
				32ADF3461E93960A00623D4D /* OnTheRoadAppUITests.xctest */,
			);
			name = Products;
			sourceTree = "<group>";
		};
		32ADF3271E93960A00623D4D /* OnTheRoadApp */ = {
			isa = PBXGroup;
			children = (
				32ADF3281E93960A00623D4D /* AppDelegate.swift */,
				325320A61E93B0BD00C35ED8 /* TravelsTableViewController.swift */,
				325320A81E93B36E00C35ED8 /* TravelsTableViewCell.swift */,
				32ADF32C1E93960A00623D4D /* SecondViewController.swift */,
				32ADF32E1E93960A00623D4D /* Main.storyboard */,
				320ECDAC1EA29272008B6167 /* AddTravelViewController.swift */,
				324317821E9E3CB9002BF455 /* TravelModel.xcdatamodeld */,
				3272DAD61E9ABA84000DB11C /* ListTableViewCell.swift */,
				32ADF3311E93960A00623D4D /* Assets.xcassets */,
				32ADF3331E93960A00623D4D /* LaunchScreen.storyboard */,
				32ADF3361E93960A00623D4D /* Info.plist */,
				3272DAD41E9AB4A5000DB11C /* ListViewController.swift */,
			);
			path = OnTheRoadApp;
			sourceTree = "<group>";
		};
		32ADF33E1E93960A00623D4D /* OnTheRoadAppTests */ = {
			isa = PBXGroup;
			children = (
				32ADF33F1E93960A00623D4D /* OnTheRoadAppTests.swift */,
				32ADF3411E93960A00623D4D /* Info.plist */,
			);
			path = OnTheRoadAppTests;
			sourceTree = "<group>";
		};
		32ADF3491E93960A00623D4D /* OnTheRoadAppUITests */ = {
			isa = PBXGroup;
			children = (
				32ADF34A1E93960A00623D4D /* OnTheRoadAppUITests.swift */,
				32ADF34C1E93960A00623D4D /* Info.plist */,
			);
			path = OnTheRoadAppUITests;
			sourceTree = "<group>";
		};
		32F9CD3D1E9CFDAA008048B2 /* Frameworks */ = {
			isa = PBXGroup;
			children = (
				32F9CD3E1E9CFDAA008048B2 /* Social.framework */,
			);
			name = Frameworks;
			sourceTree = "<group>";
		};
/* End PBXGroup section */

/* Begin PBXNativeTarget section */
		32ADF3241E93960A00623D4D /* OnTheRoadApp */ = {
			isa = PBXNativeTarget;
			buildConfigurationList = 32ADF34F1E93960A00623D4D /* Build configuration list for PBXNativeTarget "OnTheRoadApp" */;
			buildPhases = (
				32ADF3211E93960A00623D4D /* Sources */,
				32ADF3221E93960A00623D4D /* Frameworks */,
				32ADF3231E93960A00623D4D /* Resources */,
			);
			buildRules = (
			);
			dependencies = (
			);
			name = OnTheRoadApp;
			productName = OnTheRoadApp;
			productReference = 32ADF3251E93960A00623D4D /* OnTheRoadApp.app */;
			productType = "com.apple.product-type.application";
		};
		32ADF33A1E93960A00623D4D /* OnTheRoadAppTests */ = {
			isa = PBXNativeTarget;
			buildConfigurationList = 32ADF3521E93960A00623D4D /* Build configuration list for PBXNativeTarget "OnTheRoadAppTests" */;
			buildPhases = (
				32ADF3371E93960A00623D4D /* Sources */,
				32ADF3381E93960A00623D4D /* Frameworks */,
				32ADF3391E93960A00623D4D /* Resources */,
			);
			buildRules = (
			);
			dependencies = (
				32ADF33D1E93960A00623D4D /* PBXTargetDependency */,
			);
			name = OnTheRoadAppTests;
			productName = OnTheRoadAppTests;
			productReference = 32ADF33B1E93960A00623D4D /* OnTheRoadAppTests.xctest */;
			productType = "com.apple.product-type.bundle.unit-test";
		};
		32ADF3451E93960A00623D4D /* OnTheRoadAppUITests */ = {
			isa = PBXNativeTarget;
			buildConfigurationList = 32ADF3551E93960A00623D4D /* Build configuration list for PBXNativeTarget "OnTheRoadAppUITests" */;
			buildPhases = (
				32ADF3421E93960A00623D4D /* Sources */,
				32ADF3431E93960A00623D4D /* Frameworks */,
				32ADF3441E93960A00623D4D /* Resources */,
			);
			buildRules = (
			);
			dependencies = (
				32ADF3481E93960A00623D4D /* PBXTargetDependency */,
			);
			name = OnTheRoadAppUITests;
			productName = OnTheRoadAppUITests;
			productReference = 32ADF3461E93960A00623D4D /* OnTheRoadAppUITests.xctest */;
			productType = "com.apple.product-type.bundle.ui-testing";
		};
/* End PBXNativeTarget section */

/* Begin PBXProject section */
		32ADF31D1E93960A00623D4D /* Project object */ = {
			isa = PBXProject;
			attributes = {
				LastSwiftUpdateCheck = 0820;
				LastUpgradeCheck = 0820;
				ORGANIZATIONNAME = LighthouseTeam;
				TargetAttributes = {
					32ADF3241E93960A00623D4D = {
						CreatedOnToolsVersion = 8.2.1;
						ProvisioningStyle = Automatic;
					};
					32ADF33A1E93960A00623D4D = {
						CreatedOnToolsVersion = 8.2.1;
						ProvisioningStyle = Automatic;
						TestTargetID = 32ADF3241E93960A00623D4D;
					};
					32ADF3451E93960A00623D4D = {
						CreatedOnToolsVersion = 8.2.1;
						ProvisioningStyle = Automatic;
						TestTargetID = 32ADF3241E93960A00623D4D;
					};
				};
			};
			buildConfigurationList = 32ADF3201E93960A00623D4D /* Build configuration list for PBXProject "OnTheRoadApp" */;
			compatibilityVersion = "Xcode 3.2";
			developmentRegion = English;
			hasScannedForEncodings = 0;
			knownRegions = (
				en,
				Base,
			);
			mainGroup = 32ADF31C1E93960A00623D4D;
			productRefGroup = 32ADF3261E93960A00623D4D /* Products */;
			projectDirPath = "";
			projectRoot = "";
			targets = (
				32ADF3241E93960A00623D4D /* OnTheRoadApp */,
				32ADF33A1E93960A00623D4D /* OnTheRoadAppTests */,
				32ADF3451E93960A00623D4D /* OnTheRoadAppUITests */,
			);
		};
/* End PBXProject section */

/* Begin PBXResourcesBuildPhase section */
		32ADF3231E93960A00623D4D /* Resources */ = {
			isa = PBXResourcesBuildPhase;
			buildActionMask = 2147483647;
			files = (
				320255961E93F7160076100A /* AllTravelsView.xib in Resources */,
				32ADF3351E93960A00623D4D /* LaunchScreen.storyboard in Resources */,
				32ADF3321E93960A00623D4D /* Assets.xcassets in Resources */,
				32ADF3301E93960A00623D4D /* Main.storyboard in Resources */,
			);
			runOnlyForDeploymentPostprocessing = 0;
		};
		32ADF3391E93960A00623D4D /* Resources */ = {
			isa = PBXResourcesBuildPhase;
			buildActionMask = 2147483647;
			files = (
			);
			runOnlyForDeploymentPostprocessing = 0;
		};
		32ADF3441E93960A00623D4D /* Resources */ = {
			isa = PBXResourcesBuildPhase;
			buildActionMask = 2147483647;
			files = (
			);
			runOnlyForDeploymentPostprocessing = 0;
		};
/* End PBXResourcesBuildPhase section */

/* Begin PBXSourcesBuildPhase section */
		32ADF3211E93960A00623D4D /* Sources */ = {
			isa = PBXSourcesBuildPhase;
			buildActionMask = 2147483647;
			files = (
				3272DAD71E9ABA84000DB11C /* ListTableViewCell.swift in Sources */,
				32ADF32D1E93960A00623D4D /* SecondViewController.swift in Sources */,
				325320A91E93B36E00C35ED8 /* TravelsTableViewCell.swift in Sources */,
				324317851E9E3CB9002BF455 /* TravelModel.xcdatamodeld in Sources */,
				3272DAD51E9AB4A5000DB11C /* ListViewController.swift in Sources */,
				325320A71E93B0BD00C35ED8 /* TravelsTableViewController.swift in Sources */,
				320ECDAD1EA29272008B6167 /* AddTravelViewController.swift in Sources */,
				32ADF3291E93960A00623D4D /* AppDelegate.swift in Sources */,
			);
			runOnlyForDeploymentPostprocessing = 0;
		};
		32ADF3371E93960A00623D4D /* Sources */ = {
			isa = PBXSourcesBuildPhase;
			buildActionMask = 2147483647;
			files = (
				32ADF3401E93960A00623D4D /* OnTheRoadAppTests.swift in Sources */,
			);
			runOnlyForDeploymentPostprocessing = 0;
		};
		32ADF3421E93960A00623D4D /* Sources */ = {
			isa = PBXSourcesBuildPhase;
			buildActionMask = 2147483647;
			files = (
				32ADF34B1E93960A00623D4D /* OnTheRoadAppUITests.swift in Sources */,
			);
			runOnlyForDeploymentPostprocessing = 0;
		};
/* End PBXSourcesBuildPhase section */

/* Begin PBXTargetDependency section */
		32ADF33D1E93960A00623D4D /* PBXTargetDependency */ = {
			isa = PBXTargetDependency;
			target = 32ADF3241E93960A00623D4D /* OnTheRoadApp */;
			targetProxy = 32ADF33C1E93960A00623D4D /* PBXContainerItemProxy */;
		};
		32ADF3481E93960A00623D4D /* PBXTargetDependency */ = {
			isa = PBXTargetDependency;
			target = 32ADF3241E93960A00623D4D /* OnTheRoadApp */;
			targetProxy = 32ADF3471E93960A00623D4D /* PBXContainerItemProxy */;
		};
/* End PBXTargetDependency section */

/* Begin PBXVariantGroup section */
		32ADF32E1E93960A00623D4D /* Main.storyboard */ = {
			isa = PBXVariantGroup;
			children = (
				32ADF32F1E93960A00623D4D /* Base */,
			);
			name = Main.storyboard;
			sourceTree = "<group>";
		};
		32ADF3331E93960A00623D4D /* LaunchScreen.storyboard */ = {
			isa = PBXVariantGroup;
			children = (
				32ADF3341E93960A00623D4D /* Base */,
			);
			name = LaunchScreen.storyboard;
			sourceTree = "<group>";
		};
/* End PBXVariantGroup section */

/* Begin XCBuildConfiguration section */
		32ADF34D1E93960A00623D4D /* Debug */ = {
			isa = XCBuildConfiguration;
			buildSettings = {
				ALWAYS_SEARCH_USER_PATHS = NO;
				CLANG_ANALYZER_NONNULL = YES;
				CLANG_CXX_LANGUAGE_STANDARD = "gnu++0x";
				CLANG_CXX_LIBRARY = "libc++";
				CLANG_ENABLE_MODULES = YES;
				CLANG_ENABLE_OBJC_ARC = YES;
				CLANG_WARN_BOOL_CONVERSION = YES;
				CLANG_WARN_CONSTANT_CONVERSION = YES;
				CLANG_WARN_DIRECT_OBJC_ISA_USAGE = YES_ERROR;
				CLANG_WARN_DOCUMENTATION_COMMENTS = YES;
				CLANG_WARN_EMPTY_BODY = YES;
				CLANG_WARN_ENUM_CONVERSION = YES;
				CLANG_WARN_INFINITE_RECURSION = YES;
				CLANG_WARN_INT_CONVERSION = YES;
				CLANG_WARN_OBJC_ROOT_CLASS = YES_ERROR;
				CLANG_WARN_SUSPICIOUS_MOVE = YES;
				CLANG_WARN_UNREACHABLE_CODE = YES;
				CLANG_WARN__DUPLICATE_METHOD_MATCH = YES;
				"CODE_SIGN_IDENTITY[sdk=iphoneos*]" = "iPhone Developer";
				COPY_PHASE_STRIP = NO;
				DEBUG_INFORMATION_FORMAT = dwarf;
				ENABLE_STRICT_OBJC_MSGSEND = YES;
				ENABLE_TESTABILITY = YES;
				GCC_C_LANGUAGE_STANDARD = gnu99;
				GCC_DYNAMIC_NO_PIC = NO;
				GCC_NO_COMMON_BLOCKS = YES;
				GCC_OPTIMIZATION_LEVEL = 0;
				GCC_PREPROCESSOR_DEFINITIONS = (
					"DEBUG=1",
					"$(inherited)",
				);
				GCC_WARN_64_TO_32_BIT_CONVERSION = YES;
				GCC_WARN_ABOUT_RETURN_TYPE = YES_ERROR;
				GCC_WARN_UNDECLARED_SELECTOR = YES;
				GCC_WARN_UNINITIALIZED_AUTOS = YES_AGGRESSIVE;
				GCC_WARN_UNUSED_FUNCTION = YES;
				GCC_WARN_UNUSED_VARIABLE = YES;
				IPHONEOS_DEPLOYMENT_TARGET = 10.2;
				MTL_ENABLE_DEBUG_INFO = YES;
				ONLY_ACTIVE_ARCH = YES;
				SDKROOT = iphoneos;
				SWIFT_ACTIVE_COMPILATION_CONDITIONS = DEBUG;
				SWIFT_OPTIMIZATION_LEVEL = "-Onone";
			};
			name = Debug;
		};
		32ADF34E1E93960A00623D4D /* Release */ = {
			isa = XCBuildConfiguration;
			buildSettings = {
				ALWAYS_SEARCH_USER_PATHS = NO;
				CLANG_ANALYZER_NONNULL = YES;
				CLANG_CXX_LANGUAGE_STANDARD = "gnu++0x";
				CLANG_CXX_LIBRARY = "libc++";
				CLANG_ENABLE_MODULES = YES;
				CLANG_ENABLE_OBJC_ARC = YES;
				CLANG_WARN_BOOL_CONVERSION = YES;
				CLANG_WARN_CONSTANT_CONVERSION = YES;
				CLANG_WARN_DIRECT_OBJC_ISA_USAGE = YES_ERROR;
				CLANG_WARN_DOCUMENTATION_COMMENTS = YES;
				CLANG_WARN_EMPTY_BODY = YES;
				CLANG_WARN_ENUM_CONVERSION = YES;
				CLANG_WARN_INFINITE_RECURSION = YES;
				CLANG_WARN_INT_CONVERSION = YES;
				CLANG_WARN_OBJC_ROOT_CLASS = YES_ERROR;
				CLANG_WARN_SUSPICIOUS_MOVE = YES;
				CLANG_WARN_UNREACHABLE_CODE = YES;
				CLANG_WARN__DUPLICATE_METHOD_MATCH = YES;
				"CODE_SIGN_IDENTITY[sdk=iphoneos*]" = "iPhone Developer";
				COPY_PHASE_STRIP = NO;
				DEBUG_INFORMATION_FORMAT = "dwarf-with-dsym";
				ENABLE_NS_ASSERTIONS = NO;
				ENABLE_STRICT_OBJC_MSGSEND = YES;
				GCC_C_LANGUAGE_STANDARD = gnu99;
				GCC_NO_COMMON_BLOCKS = YES;
				GCC_WARN_64_TO_32_BIT_CONVERSION = YES;
				GCC_WARN_ABOUT_RETURN_TYPE = YES_ERROR;
				GCC_WARN_UNDECLARED_SELECTOR = YES;
				GCC_WARN_UNINITIALIZED_AUTOS = YES_AGGRESSIVE;
				GCC_WARN_UNUSED_FUNCTION = YES;
				GCC_WARN_UNUSED_VARIABLE = YES;
				IPHONEOS_DEPLOYMENT_TARGET = 10.2;
				MTL_ENABLE_DEBUG_INFO = NO;
				SDKROOT = iphoneos;
				SWIFT_OPTIMIZATION_LEVEL = "-Owholemodule";
				VALIDATE_PRODUCT = YES;
			};
			name = Release;
		};
		32ADF3501E93960A00623D4D /* Debug */ = {
			isa = XCBuildConfiguration;
			buildSettings = {
				ASSETCATALOG_COMPILER_APPICON_NAME = AppIcon;
				INFOPLIST_FILE = OnTheRoadApp/Info.plist;
				IPHONEOS_DEPLOYMENT_TARGET = 10.2;
				LD_RUNPATH_SEARCH_PATHS = "$(inherited) @executable_path/Frameworks";
				PRODUCT_BUNDLE_IDENTIFIER = com.Lighthouse.OnTheRoadApp;
				PRODUCT_NAME = "$(TARGET_NAME)";
				SWIFT_VERSION = 3.0;
				TARGETED_DEVICE_FAMILY = 1;
			};
			name = Debug;
		};
		32ADF3511E93960A00623D4D /* Release */ = {
			isa = XCBuildConfiguration;
			buildSettings = {
				ASSETCATALOG_COMPILER_APPICON_NAME = AppIcon;
				INFOPLIST_FILE = OnTheRoadApp/Info.plist;
				IPHONEOS_DEPLOYMENT_TARGET = 10.2;
				LD_RUNPATH_SEARCH_PATHS = "$(inherited) @executable_path/Frameworks";
				PRODUCT_BUNDLE_IDENTIFIER = com.Lighthouse.OnTheRoadApp;
				PRODUCT_NAME = "$(TARGET_NAME)";
				SWIFT_VERSION = 3.0;
				TARGETED_DEVICE_FAMILY = 1;
			};
			name = Release;
		};
		32ADF3531E93960A00623D4D /* Debug */ = {
			isa = XCBuildConfiguration;
			buildSettings = {
				ALWAYS_EMBED_SWIFT_STANDARD_LIBRARIES = YES;
				BUNDLE_LOADER = "$(TEST_HOST)";
				INFOPLIST_FILE = OnTheRoadAppTests/Info.plist;
				LD_RUNPATH_SEARCH_PATHS = "$(inherited) @executable_path/Frameworks @loader_path/Frameworks";
				PRODUCT_BUNDLE_IDENTIFIER = com.Lighthouse.OnTheRoadAppTests;
				PRODUCT_NAME = "$(TARGET_NAME)";
				SWIFT_VERSION = 3.0;
				TEST_HOST = "$(BUILT_PRODUCTS_DIR)/OnTheRoadApp.app/OnTheRoadApp";
			};
			name = Debug;
		};
		32ADF3541E93960A00623D4D /* Release */ = {
			isa = XCBuildConfiguration;
			buildSettings = {
				ALWAYS_EMBED_SWIFT_STANDARD_LIBRARIES = YES;
				BUNDLE_LOADER = "$(TEST_HOST)";
				INFOPLIST_FILE = OnTheRoadAppTests/Info.plist;
				LD_RUNPATH_SEARCH_PATHS = "$(inherited) @executable_path/Frameworks @loader_path/Frameworks";
				PRODUCT_BUNDLE_IDENTIFIER = com.Lighthouse.OnTheRoadAppTests;
				PRODUCT_NAME = "$(TARGET_NAME)";
				SWIFT_VERSION = 3.0;
				TEST_HOST = "$(BUILT_PRODUCTS_DIR)/OnTheRoadApp.app/OnTheRoadApp";
			};
			name = Release;
		};
		32ADF3561E93960A00623D4D /* Debug */ = {
			isa = XCBuildConfiguration;
			buildSettings = {
				ALWAYS_EMBED_SWIFT_STANDARD_LIBRARIES = YES;
				INFOPLIST_FILE = OnTheRoadAppUITests/Info.plist;
				LD_RUNPATH_SEARCH_PATHS = "$(inherited) @executable_path/Frameworks @loader_path/Frameworks";
				PRODUCT_BUNDLE_IDENTIFIER = com.Lighthouse.OnTheRoadAppUITests;
				PRODUCT_NAME = "$(TARGET_NAME)";
				SWIFT_VERSION = 3.0;
				TEST_TARGET_NAME = OnTheRoadApp;
			};
			name = Debug;
		};
		32ADF3571E93960A00623D4D /* Release */ = {
			isa = XCBuildConfiguration;
			buildSettings = {
				ALWAYS_EMBED_SWIFT_STANDARD_LIBRARIES = YES;
				INFOPLIST_FILE = OnTheRoadAppUITests/Info.plist;
				LD_RUNPATH_SEARCH_PATHS = "$(inherited) @executable_path/Frameworks @loader_path/Frameworks";
				PRODUCT_BUNDLE_IDENTIFIER = com.Lighthouse.OnTheRoadAppUITests;
				PRODUCT_NAME = "$(TARGET_NAME)";
				SWIFT_VERSION = 3.0;
				TEST_TARGET_NAME = OnTheRoadApp;
			};
			name = Release;
		};
/* End XCBuildConfiguration section */

/* Begin XCConfigurationList section */
		32ADF3201E93960A00623D4D /* Build configuration list for PBXProject "OnTheRoadApp" */ = {
			isa = XCConfigurationList;
			buildConfigurations = (
				32ADF34D1E93960A00623D4D /* Debug */,
				32ADF34E1E93960A00623D4D /* Release */,
			);
			defaultConfigurationIsVisible = 0;
			defaultConfigurationName = Release;
		};
		32ADF34F1E93960A00623D4D /* Build configuration list for PBXNativeTarget "OnTheRoadApp" */ = {
			isa = XCConfigurationList;
			buildConfigurations = (
				32ADF3501E93960A00623D4D /* Debug */,
				32ADF3511E93960A00623D4D /* Release */,
			);
			defaultConfigurationIsVisible = 0;
			defaultConfigurationName = Release;
		};
		32ADF3521E93960A00623D4D /* Build configuration list for PBXNativeTarget "OnTheRoadAppTests" */ = {
			isa = XCConfigurationList;
			buildConfigurations = (
				32ADF3531E93960A00623D4D /* Debug */,
				32ADF3541E93960A00623D4D /* Release */,
			);
			defaultConfigurationIsVisible = 0;
			defaultConfigurationName = Release;
		};
		32ADF3551E93960A00623D4D /* Build configuration list for PBXNativeTarget "OnTheRoadAppUITests" */ = {
			isa = XCConfigurationList;
			buildConfigurations = (
				32ADF3561E93960A00623D4D /* Debug */,
				32ADF3571E93960A00623D4D /* Release */,
			);
			defaultConfigurationIsVisible = 0;
			defaultConfigurationName = Release;
		};
/* End XCConfigurationList section */

/* Begin XCVersionGroup section */
		324317821E9E3CB9002BF455 /* TravelModel.xcdatamodeld */ = {
			isa = XCVersionGroup;
			children = (
				324317871E9E3F2F002BF455 /* TravelModel 3.xcdatamodel */,
				324317861E9E3CCD002BF455 /* TravelModel 2.xcdatamodel */,
				324317831E9E3CB9002BF455 /* TravelModel.xcdatamodel */,
				324317841E9E3CB9002BF455 /* TravelModel2.xcdatamodel */,
			);
			currentVersion = 324317871E9E3F2F002BF455 /* TravelModel 3.xcdatamodel */;
			path = TravelModel.xcdatamodeld;
			sourceTree = "<group>";
			versionGroupType = wrapper.xcdatamodel;
		};
/* End XCVersionGroup section */
	};
	rootObject = 32ADF31D1E93960A00623D4D /* Project object */;
}
